
Microsoft Visual Studio Solution File, Format Version 12.00
# Visual Studio Version 17
VisualStudioVersion = 17.14.36221.1 d17.14
MinimumVisualStudioVersion = 10.0.40219.1
Project("{FAE04EC0-301F-11D3-BF4B-00C04F79EFBC}") = "EntityFrameworkCore.Data", "EntityFrameworkCore.Data\EntityFrameworkCore.Data.csproj", "{8ABBD20E-237C-417B-B2A6-3B605114000A}"
EndProject
Project("{FAE04EC0-301F-11D3-BF4B-00C04F79EFBC}") = "EntityFrameworkCore.Domain", "EntityFrameworkCore.Domain\EntityFrameworkCore.Domain.csproj", "{8C0CFE30-D584-40B7-8B4D-D1F7AA58A178}"
EndProject
Project("{FAE04EC0-301F-11D3-BF4B-00C04F79EFBC}") = "EntityFrameworkCore.Console", "EntityFrameworkCore.Console\EntityFrameworkCore.Console.csproj", "{BDBDBA58-E38A-44DA-B549-05A54B3AE8FB}"
EndProject
Global
	GlobalSection(SolutionConfigurationPlatforms) = preSolution
		Debug|Any CPU = Debug|Any CPU
		Release|Any CPU = Release|Any CPU
	EndGlobalSection
	GlobalSection(ProjectConfigurationPlatforms) = postSolution
		{8ABBD20E-237C-417B-B2A6-3B605114000A}.Debug|Any CPU.ActiveCfg = Debug|Any CPU
		{8ABBD20E-237C-417B-B2A6-3B605114000A}.Debug|Any CPU.Build.0 = Debug|Any CPU
		{8ABBD20E-237C-417B-B2A6-3B605114000A}.Release|Any CPU.ActiveCfg = Release|Any CPU
		{8ABBD20E-237C-417B-B2A6-3B605114000A}.Release|Any CPU.Build.0 = Release|Any CPU
		{8C0CFE30-D584-40B7-8B4D-D1F7AA58A178}.Debug|Any CPU.ActiveCfg = Debug|Any CPU
		{8C0CFE30-D584-40B7-8B4D-D1F7AA58A178}.Debug|Any CPU.Build.0 = Debug|Any CPU
		{8C0CFE30-D584-40B7-8B4D-D1F7AA58A178}.Release|Any CPU.ActiveCfg = Release|Any CPU
		{8C0CFE30-D584-40B7-8B4D-D1F7AA58A178}.Release|Any CPU.Build.0 = Release|Any CPU
		{BDBDBA58-E38A-44DA-B549-05A54B3AE8FB}.Debug|Any CPU.ActiveCfg = Debug|Any CPU
		{BDBDBA58-E38A-44DA-B549-05A54B3AE8FB}.Debug|Any CPU.Build.0 = Debug|Any CPU
		{BDBDBA58-E38A-44DA-B549-05A54B3AE8FB}.Release|Any CPU.ActiveCfg = Release|Any CPU
		{BDBDBA58-E38A-44DA-B549-05A54B3AE8FB}.Release|Any CPU.Build.0 = Release|Any CPU
	EndGlobalSection
	GlobalSection(SolutionProperties) = preSolution
		HideSolutionNode = FALSE
	EndGlobalSection
	GlobalSection(ExtensibilityGlobals) = postSolution
		SolutionGuid = {80A977EE-AE6D-452C-8151-ACE54C4C01F0}
	EndGlobalSection
EndGlobal
